
Microsoft Visual Studio Solution File, Format Version 12.00
# Visual Studio 2017
Project("{FAE04EC0-301F-11D3-BF4B-00C04F79EFBC}") = "IUM", "IUM.csproj", "{F7FF0824-D0E4-03DB-CDBD-9DC17A442A7E}"
EndProject
Project("{FAE04EC0-301F-11D3-BF4B-00C04F79EFBC}") = "IUM.Editor", "IUM.Editor.csproj", "{7A4B7B01-F8FB-5612-36F3-73349F374EEB}"
EndProject
Global
	GlobalSection(SolutionConfigurationPlatforms) = preSolution
		Debug|Any CPU = Debug|Any CPU
		Release|Any CPU = Release|Any CPU
	EndGlobalSection
	GlobalSection(ProjectConfigurationPlatforms) = postSolution
		{F7FF0824-D0E4-03DB-CDBD-9DC17A442A7E}.Debug|Any CPU.ActiveCfg = Debug|Any CPU
		{F7FF0824-D0E4-03DB-CDBD-9DC17A442A7E}.Debug|Any CPU.Build.0 = Debug|Any CPU
		{F7FF0824-D0E4-03DB-CDBD-9DC17A442A7E}.Release|Any CPU.ActiveCfg = Release|Any CPU
		{F7FF0824-D0E4-03DB-CDBD-9DC17A442A7E}.Release|Any CPU.Build.0 = Release|Any CPU
		{7A4B7B01-F8FB-5612-36F3-73349F374EEB}.Debug|Any CPU.ActiveCfg = Debug|Any CPU
		{7A4B7B01-F8FB-5612-36F3-73349F374EEB}.Debug|Any CPU.Build.0 = Debug|Any CPU
		{7A4B7B01-F8FB-5612-36F3-73349F374EEB}.Release|Any CPU.ActiveCfg = Release|Any CPU
		{7A4B7B01-F8FB-5612-36F3-73349F374EEB}.Release|Any CPU.Build.0 = Release|Any CPU
	EndGlobalSection
	GlobalSection(SolutionProperties) = preSolution
		HideSolutionNode = FALSE
	EndGlobalSection
EndGlobal
